github.com/Masterminds/semver/v3 v3.4.0 h1:Zog+i5UMtVoCU8oKka5P7i9q9HgrJeGzI9SA1Xbatp0=
github.com/Masterminds/semver/v3 v3.4.0/go.mod h1:4V+yj/TJE1HU9XfppCwVMZq3I84lprf4nC11bSS5beM=
github.com/MilosRandelovic/bump-core/v2 v2.2.0 h1:lsbYgmwFjHdj6qocIT7d6756N9BPeSQMHKO16/CajS0=
github.com/MilosRandelovic/bump-core/v2 v2.2.0/go.mod h1:hw0IJWOp83X4gYfmeF2oiGS455O12vWmKB04sLd8IiM=
github.com/spf13/pflag v1.0.10 h1:4EBh2KAYBwaONj6b2Ye1GiHfwjqyROoF4RwYO+vPwFk=
github.com/spf13/pflag v1.0.10/go.mod h1:McXfInJRrz4CZXVZOBLb0bTZqETkiAhM9Iw0y3An2Bg=
